
Microsoft Visual Studio Solution File, Format Version 12.00
# Visual Studio Version 17
VisualStudioVersion = 17.2.32616.157
MinimumVisualStudioVersion = 10.0.40219.1
Project("{FAE04EC0-301F-11D3-BF4B-00C04F79EFBC}") = "lesson_12.11.2022", "lesson_12.11.2022.csproj", "{A17F795D-5EF7-4D7A-835A-298D5E95664B}"
EndProject
Global
	GlobalSection(SolutionConfigurationPlatforms) = preSolution
		Debug|Any CPU = Debug|Any CPU
		Release|Any CPU = Release|Any CPU
	EndGlobalSection
	GlobalSection(ProjectConfigurationPlatforms) = postSolution
		{A17F795D-5EF7-4D7A-835A-298D5E95664B}.Debug|Any CPU.ActiveCfg = Debug|Any CPU
		{A17F795D-5EF7-4D7A-835A-298D5E95664B}.Debug|Any CPU.Build.0 = Debug|Any CPU
		{A17F795D-5EF7-4D7A-835A-298D5E95664B}.Release|Any CPU.ActiveCfg = Release|Any CPU
		{A17F795D-5EF7-4D7A-835A-298D5E95664B}.Release|Any CPU.Build.0 = Release|Any CPU
	EndGlobalSection
	GlobalSection(SolutionProperties) = preSolution
		HideSolutionNode = FALSE
	EndGlobalSection
	GlobalSection(ExtensibilityGlobals) = postSolution
		SolutionGuid = {1B52D164-77B1-4F5F-AAB4-2D7D4CADED14}
	EndGlobalSection
EndGlobal
